
Microsoft Visual Studio Solution File, Format Version 12.00
# Visual Studio Version 17
VisualStudioVersion = 17.2.32519.379
MinimumVisualStudioVersion = 10.0.40219.1
Project("{8BC9CEB8-8B4A-11D0-8D11-00A0C91BC942}") = "Sonic Adenture_Saturn Coding", "Sonic Adenture_Saturn Coding\Sonic Adenture_Saturn Coding.vcxproj", "{47F6A911-51CC-4DB2-970E-0F3C19BCCF1D}"
EndProject
Global
	GlobalSection(SolutionConfigurationPlatforms) = preSolution
		Debug|x64 = Debug|x64
		Debug|x86 = Debug|x86
		Release|x64 = Release|x64
		Release|x86 = Release|x86
	EndGlobalSection
	GlobalSection(ProjectConfigurationPlatforms) = postSolution
		{47F6A911-51CC-4DB2-970E-0F3C19BCCF1D}.Debug|x64.ActiveCfg = Debug|x64
		{47F6A911-51CC-4DB2-970E-0F3C19BCCF1D}.Debug|x64.Build.0 = Debug|x64
		{47F6A911-51CC-4DB2-970E-0F3C19BCCF1D}.Debug|x86.ActiveCfg = Debug|Win32
		{47F6A911-51CC-4DB2-970E-0F3C19BCCF1D}.Debug|x86.Build.0 = Debug|Win32
		{47F6A911-51CC-4DB2-970E-0F3C19BCCF1D}.Release|x64.ActiveCfg = Release|x64
		{47F6A911-51CC-4DB2-970E-0F3C19BCCF1D}.Release|x64.Build.0 = Release|x64
		{47F6A911-51CC-4DB2-970E-0F3C19BCCF1D}.Release|x86.ActiveCfg = Release|Win32
		{47F6A911-51CC-4DB2-970E-0F3C19BCCF1D}.Release|x86.Build.0 = Release|Win32
	EndGlobalSection
	GlobalSection(SolutionProperties) = preSolution
		HideSolutionNode = FALSE
	EndGlobalSection
	GlobalSection(ExtensibilityGlobals) = postSolution
		SolutionGuid = {D6BF3173-2E1E-46BF-A53C-C07A5C7441D6}
	EndGlobalSection
EndGlobal
